
Microsoft Visual Studio Solution File, Format Version 12.00
# Visual Studio Version 17
VisualStudioVersion = 17.5.002.0
MinimumVisualStudioVersion = 10.0.40219.1
Project("{9A19103F-16F7-4668-BE54-9A1E7A4F7556}") = "WaveViewer", "WaveViewer.csproj", "{63057EB4-219C-4D3C-AA77-7487BD5CFFDA}"
EndProject
Global
	GlobalSection(SolutionConfigurationPlatforms) = preSolution
		Debug|Any CPU = Debug|Any CPU
		Release|Any CPU = Release|Any CPU
	EndGlobalSection
	GlobalSection(ProjectConfigurationPlatforms) = postSolution
		{63057EB4-219C-4D3C-AA77-7487BD5CFFDA}.Debug|Any CPU.ActiveCfg = Debug|Any CPU
		{63057EB4-219C-4D3C-AA77-7487BD5CFFDA}.Debug|Any CPU.Build.0 = Debug|Any CPU
		{63057EB4-219C-4D3C-AA77-7487BD5CFFDA}.Release|Any CPU.ActiveCfg = Release|Any CPU
		{63057EB4-219C-4D3C-AA77-7487BD5CFFDA}.Release|Any CPU.Build.0 = Release|Any CPU
	EndGlobalSection
	GlobalSection(SolutionProperties) = preSolution
		HideSolutionNode = FALSE
	EndGlobalSection
	GlobalSection(ExtensibilityGlobals) = postSolution
		SolutionGuid = {FC968947-ABBC-49AD-98CB-1A19AFB1ECEF}
	EndGlobalSection
EndGlobal
